PackratFormat: 1.4
PackratVersion: 0.4.9.2
RVersion: 3.5.0
Repos: CRAN=https://cran.rstudio.com/

Package: BH
Source: CRAN
Version: 1.62.0-1
Hash: 14dfb3e8ffe20996118306ff4de1fab2

Package: DBI
Source: CRAN
Version: 0.7
Hash: 1ab72df487f06ad5f0de05446cdd4bd6

Package: ISOcodes
Source: CRAN
Version: 2017.09.27
Hash: 380a87538b685a0aae65e45f1439aa52

Package: MASS
Source: CRAN
Version: 7.3-47
Hash: cef924b1619219cfc32edbb8a340e652

Package: Matrix
Source: CRAN
Version: 1.2-14
Hash: 521aa8772a1941dfdb007bf532d19dde
Requires: lattice

Package: NLP
Source: CRAN
Version: 0.1-11
Hash: fb5df0f46574cb600b9ea437b200450e

Package: R6
Source: CRAN
Version: 2.2.2
Hash: b2366cd9d2f3851a5704b4e192b985c2

Package: RColorBrewer
Source: CRAN
Version: 1.1-2
Hash: c0d56cd15034f395874c870141870c25


Package: Rfacebook
Source: CRAN
Version: 0.6.15
Hash: 0c3f33184b66c0fc90558ee66269cabd
Requires: rjson, httr, httpuv

Package: SnowballC
Source: CRAN
Version: 0.5.1
Hash: 6f14c834eea7672f25b83d9ba35b85ca

Package: assertthat
Source: CRAN
Version: 0.2.0
Hash: e8805df54c65ac96d50235c44a82615c

Package: backports
Source: CRAN
Version: 1.1.2
Hash: 5ae7b3466e529e4400951ca18c137e40

Package: base64enc
Source: CRAN
Version: 0.1-3
Hash: c590d29e555926af053055e23ee79efb

Package: bindr
Source: CRAN
Version: 0.1
Hash: e3a02070cf705d3ad1c5af1635a515a3

Package: bindrcpp
Source: CRAN
Version: 0.2
Hash: 8ab2dbf7ea120cf2d31183e0bf388485
Requires: Rcpp, bindr, plogr

Package: bit
Source: CRAN
Version: 1.1-12
Hash: a4cdb11cf9fd6dd38f9f40c413b81e93

Package: bit64
Source: CRAN
Version: 0.9-7
Hash: 4b195615d19ba49c114eb04e09e30a96
Requires: bit

Package: broom
Source: CRAN
Version: 0.4.4
Hash: dc14fe971ee0fdd4e22b5b1d11611a37
Requires: plyr, nlme, stringr, psych, reshape2, dplyr, tidyr

Package: cli
Source: CRAN
Version: 1.0.0
Hash: f4239f89feb7ddc65821e4514e9734ae
Requires: assertthat, crayon

Package: colorspace
Source: CRAN
Version: 1.3-2
Hash: 0bf8618b585fa98eb23414cd3ab95118

Package: crayon
Source: CRAN
Version: 1.3.4
Hash: ff2840dd9b0d563fc80377a5a45510cd

Package: curl
Source: CRAN
Version: 3.2
Hash: e3318ec2d42d15a38485bab047d114ba

Package: dichromat
Source: CRAN
Version: 2.0-0
Hash: 08eed0c80510af29bb15f840ccfe37ce

Package: digest
Source: CRAN
Version: 0.6.15
Hash: 1f202ebd812ac7192be3739245746a13

Package: dplyr
Source: CRAN
Version: 0.7.2
Hash: a4e8be0458f97a40806bcced654de815
Requires: BH, R6, Rcpp, assertthat, glue, magrittr, pkgconfig, plogr,
    rlang, bindrcpp, tibble

Package: dtt
Source: CRAN
Version: 0.1-2
Hash: d472d21a5bdb24dc257fc7681675f6f4

Package: evaluate
Source: CRAN
Version: 0.10.1
Hash: 54d95f4ec6d0300100413ed0127d89ae
Requires: stringr

Package: foreign
Source: CRAN
Version: 0.8-69
Hash: 6cb09ceba757189aff90eb9bb72c8983

Package: ggplot2
Source: CRAN
Version: 2.2.1
Hash: 46e5cb78836848aa44655e577433f54b
Requires: MASS, digest, gtable, lazyeval, plyr, scales, reshape2,
    tibble

Package: glue
Source: CRAN
Version: 1.1.1
Hash: dfd5a27768175ae51d08dc6beba1ef11

Package: gtable
Source: CRAN
Version: 0.2.0
Hash: cd78381a9d3fea966ac39bd0daaf5554

Package: highr
Source: CRAN
Version: 0.6
Hash: aa3d5b7912b5fed4b546ed5cd2a1760b

Package: htmltools
Source: CRAN
Version: 0.3.6
Hash: 5b070a04ef8df1953544873db1c5896e
Requires: Rcpp, digest

Package: httpuv
Source: CRAN
Version: 1.4.0
Hash: 30d69dc88e06d3d2a8dfb38d05b81eba
Requires: BH, Rcpp, later, promises

Package: httr
Source: CRAN
Version: 1.3.1
Hash: 2d32e01e53d532c812052e27a1021441
Requires: R6, curl, jsonlite, mime, openssl

Package: hunspell
Source: CRAN
Version: 2.9
Hash: c8fc05051dc0212703399e0b368a6d55
Requires: Rcpp, digest

Package: janeaustenr
Source: CRAN
Version: 0.1.5
Hash: fa8163788aa6d49b17bf9bf517d5771e

Package: jsonlite
Source: CRAN
Version: 1.5
Hash: 9c51936d8dd00b2f1d4fe9d10499694c

Package: knitr
Source: CRAN
Version: 1.20
Hash: 9c6b215d1d02b97586c8232e94533e6a
Requires: highr, yaml, markdown, stringr, evaluate

Package: labeling
Source: CRAN
Version: 0.3
Hash: ecf589b42cd284b03a4beb9665482d3e

Package: later
Source: CRAN
Version: 0.7.1
Hash: 2708a66858dd918ea0ec3681829300a8
Requires: BH, Rcpp, rlang

Package: lattice
Source: CRAN
Version: 0.20-35
Hash: 26b9d7f0d0cb4e1d1bbb97f867c82d89

Package: lazyeval
Source: CRAN
Version: 0.2.1
Hash: 88926ad9c43581fd0822a37c8ed09f05

Package: magrittr
Source: CRAN
Version: 1.5
Hash: bdc4d48c3135e8f3b399536ddf160df4

Package: markdown
Source: CRAN
Version: 0.8
Hash: 045d7c594d503b41f1c28946d076c8aa
Requires: mime

Package: mime
Source: CRAN
Version: 0.5
Hash: 463550cf44fb6f0a2359368f42eebe62

Package: mnormt
Source: CRAN
Version: 1.5-5
Hash: d0d5efbb1fb26d2dc5f9394c223084b5

Package: munsell
Source: CRAN
Version: 0.4.3
Hash: f96d896947fcaf9b6d0074002e9f4f9d
Requires: colorspace

Package: nlme
Source: CRAN
Version: 3.1-137
Hash: 6166071071587a867cbe534e84fc5c0c
Requires: lattice

Package: openssl
Source: CRAN
Version: 1.0.1
Hash: e04b8ed7b05c1f75aa81c65a086b1d0c

Package: packrat
Source: CRAN
Version: 0.4.9-2
Hash: 47dbd4e04dcd01da02a2021203205cb1

Package: pillar
Source: CRAN
Version: 1.2.2
Hash: 9c4da206e8c0b21a14667c1baf69ee52
Requires: crayon, rlang, utf8, cli

Package: pkgconfig
Source: CRAN
Version: 2.0.1
Hash: 0dda4a2654a22b36a715c2b0b6fbacac

Package: plogr
Source: CRAN
Version: 0.1-1
Hash: fb19215402e2d9f1c7f803dcaa806fc2

Package: plyr
Source: CRAN
Version: 1.8.4
Hash: 8fbaff6962e3421b5c9652eebae36159
Requires: Rcpp

Package: promises
Source: CRAN
Version: 1.0.1
Hash: becdfc9fb349e6642c7f7c20953f15c6
Requires: R6, Rcpp, magrittr, rlang, later

Package: psych
Source: CRAN
Version: 1.8.3.3
Hash: 57b429dd1239ae287b0fd3991d27f02a
Requires: foreign, lattice, mnormt, nlme

Package: purrr
Source: CRAN
Version: 0.2.4
Hash: a80b244ccd3fdb33a0ff2be3c50dd648
Requires: magrittr, rlang, tibble

Package: qdapDictionaries
Source: CRAN
Version: 1.0.7
Hash: a1272fcb7f9b7a595da1d2eb786c7223

Package: rJava
Source: CRAN
Version: 0.9-9
Hash: ebf54080d6f36f3814cce27e5325d4e3

Package: reshape2
Source: CRAN
Version: 1.4.3
Hash: 52291d3d1bd8780412c70b4cff206077
Requires: Rcpp, plyr, stringr

Package: rjson
Source: CRAN
Version: 0.2.15
Hash: def074f38d0cff3b597649ee6f976128

Package: rlang
Source: CRAN
Version: 0.2.0
Hash: 647e2e50a72557d1a770dcd6701e562b

Package: rmarkdown
Source: CRAN
Version: 1.9
Hash: ab7f84e6f41ed8d8e8b9a2031cf631f8
Requires: base64enc, jsonlite, mime, yaml, rprojroot, htmltools,
    stringr, evaluate, knitr

Package: rprojroot
Source: CRAN
Version: 1.3-2
Hash: a25c3f70c166fb3fbabc410eb32b6366
Requires: backports

Package: rvest
Source: CRAN
Version: 0.3.2
Hash: c69f7526520bad66fd2111ebe8b1364b
Requires: magrittr, xml2, httr, selectr

Package: scales
Source: CRAN
Version: 0.5.0
Hash: c108129462eb98e2699b07201fd12acf
Requires: R6, RColorBrewer, Rcpp, dichromat, labeling, viridisLite,
    plyr, munsell

Package: selectr
Source: CRAN
Version: 0.4-1
Hash: b12802c11e35dec9d16a74d30ed0f3ed
Requires: R6, stringr

Package: stopwords
Source: CRAN
Version: 0.9.0
Hash: 6708e39521b45cb06198e74ea14da533
Requires: ISOcodes

Package: stringi
Source: CRAN
Version: 1.1.7
Hash: d3dbb18da9a7b73a5b59416e33ad2cbd

Package: stringr
Source: CRAN
Version: 1.3.0
Hash: b2801fdc391caef2335dbdb1064836bb
Requires: glue, magrittr, stringi

Package: syuzhet
Source: CRAN
Version: 1.0.4
Hash: cc05a109ccc7868689f7a736dbcaf644
Requires: NLP, dtt, zoo, textshape, dplyr, tidyr

Package: textshape
Source: CRAN
Version: 1.5.0
Hash: f1f90c009b6bf4c3ed5c2fd24aeca787
Requires: data.table, slam, stringi

Package: tibble
Source: CRAN
Version: 1.3.3
Hash: 6a18f6da2887d2c4c4a6554027161483
Requires: crayon, rlang, cli, pillar

Package: tidyr
Source: CRAN
Version: 0.8.0
Hash: 322f7392f2a1f911dd04544bca4f0a27
Requires: Rcpp, glue, magrittr, rlang, stringi, tibble, dplyr, purrr,
    tidyselect

Package: tidyselect
Source: CRAN
Version: 0.2.4
Hash: 177e47fdabf9fa40f3da2a2d9fb4bb5c
Requires: Rcpp, glue, rlang, purrr

Package: tidytext
Source: CRAN
Version: 0.1.8
Hash: 7b662e82b035d98699a1397300f60d3d
Requires: janeaustenr, rlang, stopwords, hunspell, Matrix, stringr,
    tokenizers, dplyr, purrr, broom

Package: tm
Source: CRAN
Version: 0.7-3
Hash: ed757e159f066800f6b2e010e53888f9
Requires: BH, NLP, Rcpp, slam, xml2

Package: tokenizers
Source: CRAN
Version: 0.2.1
Hash: 6524536077601fcc061c154d0dad1262
Requires: Rcpp, SnowballC, stringi

Package: twitteR
Source: CRAN
Version: 1.1.9
Hash: 494835cf1d1ed474231ad11a7dde1adb
Requires: DBI, rjson, bit64, httr

Package: utf8
Source: CRAN
Version: 1.1.3
Hash: a2fe6a996668ee5850b7719f365e831b

Package: viridisLite
Source: CRAN
Version: 0.3.0
Hash: 78bb072c4f9e729a283d4c40ec93f9c6

Package: wordcloud
Source: CRAN
Version: 2.5
Hash: a91280f8e7fface3e7910892f0b85dd9
Requires: RColorBrewer, Rcpp, slam

Package: xlsx
Source: CRAN
Version: 0.5.7
Hash: 6acda2cf5190bf93d0b24c5a40b564cf
Requires: rJava, xlsxjars

Package: xlsxjars
Source: CRAN
Version: 0.6.1
Hash: 3902149dad80bcb14fcd88d8c7fd7f3b
Requires: rJava

Package: xml2
Source: CRAN
Version: 1.2.0
Hash: a6b0ffe4dd90b9977f89eb5720f7a36c
Requires: Rcpp

Package: yaml
Source: CRAN
Version: 2.1.18
Hash: 28c7e28c239d7a1d1bd579390bab89bd

Package: zoo
Source: CRAN
Version: 1.8-1
Hash: 4662280a4dad0f93d6ecfdf797fc1cf2
Requires: lattice

Package: Rcpp
Source: CRANxw
Version: 0.12.12
Hash: 8b3d5ebb9a9a4ab5c86b3a81b0cfb774

Package: data.table
Source: CRAN
Version: 1.10.4-3
Hash: 3c270a59ca3298aba8df3c1ae3bbea19

Package: slam
Source: CRAN
Version: 0.1-42
Hash: 5fb1921fcc804309d1bdd8e52b944fc6

